
Microsoft Visual Studio Solution File, Format Version 12.00
Project("{FAE04EC0-301F-11D3-BF4B-00C04F79EFBC}") = "YawOnMouse", "YawOnMouse\YawOnMouse.csproj", "{1562AA65-8ECB-4951-A215-4EF6DFE99E32}"
EndProject
Global
	GlobalSection(SolutionConfigurationPlatforms) = preSolution
		Debug|Any CPU = Debug|Any CPU
		Release|Any CPU = Release|Any CPU
	EndGlobalSection
	GlobalSection(ProjectConfigurationPlatforms) = postSolution
		{1562AA65-8ECB-4951-A215-4EF6DFE99E32}.Debug|Any CPU.ActiveCfg = Debug|Any CPU
		{1562AA65-8ECB-4951-A215-4EF6DFE99E32}.Debug|Any CPU.Build.0 = Debug|Any CPU
		{1562AA65-8ECB-4951-A215-4EF6DFE99E32}.Release|Any CPU.ActiveCfg = Release|Any CPU
		{1562AA65-8ECB-4951-A215-4EF6DFE99E32}.Release|Any CPU.Build.0 = Release|Any CPU
	EndGlobalSection
EndGlobal
